<?xml version="1.0" encoding="utf-8"?>
<Project ToolsVersion="4.0" xmlns="http://schemas.microsoft.com/developer/msbuild/2003">
  <ItemGroup>
    <Filter Include="源文件">
      <UniqueIdentifier>{4FC737F1-C7A5-4376-A066-2A32D752A2FF}</UniqueIdentifier>
      <Extensions>cpp;c;cc;cxx;c++;cppm;ixx;def;odl;idl;hpj;bat;asm;asmx</Extensions>
    </Filter>
    <Filter Include="头文件">
      <UniqueIdentifier>{93995380-89BD-4b04-88EB-625FBE52EBFB}</UniqueIdentifier>
      <Extensions>h;hh;hpp;hxx;h++;hm;inl;inc;ipp;xsd</Extensions>
    </Filter>
    <Filter Include="资源文件">
      <UniqueIdentifier>{67DA6AB6-F800-4c08-8B7A-83BB121AAD01}</UniqueIdentifier>
      <Extensions>rc;ico;cur;bmp;dlg;rc2;rct;bin;rgs;gif;jpg;jpeg;jpe;resx;tiff;tif;png;wav;mfcribbon-ms</Extensions>
    </Filter>
    <Filter Include="SDK">
      <UniqueIdentifier>{b75e53ef-e5c3-4648-bc7f-fe582127e180}</UniqueIdentifier>
    </Filter>
    <Filter Include="SDK\头文件">
      <UniqueIdentifier>{38f92c0f-b2d9-44bb-8611-ff07b9b8f50b}</UniqueIdentifier>
    </Filter>
    <Filter Include="SDK\源文件">
      <UniqueIdentifier>{b41046b3-a111-41fa-a017-163205d65120}</UniqueIdentifier>
    </Filter>
    <Filter Include="Modules">
      <UniqueIdentifier>{2bf9f50f-280b-4ba3-9856-adbdcbb355b5}</UniqueIdentifier>
    </Filter>
    <Filter Include="Modules\头文件">
      <UniqueIdentifier>{052d8fe9-cddc-4b6a-85b0-65dc33713883}</UniqueIdentifier>
    </Filter>
    <Filter Include="Modules\源文件">
      <UniqueIdentifier>{be83fe2d-c608-43d9-8d69-48cda829d5d0}</UniqueIdentifier>
    </Filter>
    <Filter Include="IMGUI">
      <UniqueIdentifier>{83c89bc7-ebc4-4e83-853a-8d87026e5ec7}</UniqueIdentifier>
    </Filter>
    <Filter Include="IMGUI\IMGUI">
      <UniqueIdentifier>{6aa3c014-873b-4750-9796-5f6847a02752}</UniqueIdentifier>
    </Filter>
  </ItemGroup>
  <ItemGroup>
    <ClInclude Include="framework.h">
      <Filter>头文件</Filter>
    </ClInclude>
    <ClInclude Include="pch.h">
      <Filter>头文件</Filter>
    </ClInclude>
    <ClInclude Include="Loader.h">
      <Filter>头文件</Filter>
    </ClInclude>
    <ClInclude Include="Utils\Logger.h">
      <Filter>头文件</Filter>
    </ClInclude>
    <ClInclude Include="Utils\Utils.h">
      <Filter>头文件</Filter>
    </ClInclude>
    <ClInclude Include="Hook\Hook.h">
      <Filter>头文件</Filter>
    </ClInclude>
    <ClInclude Include="Utils\Game.h">
      <Filter>头文件</Filter>
    </ClInclude>
    <ClInclude Include="..\SDK\GuiData.h">
      <Filter>头文件</Filter>
    </ClInclude>
    <ClInclude Include="..\SDK\Actor.h">
      <Filter>SDK\头文件</Filter>
    </ClInclude>
    <ClInclude Include="..\SDK\Player.h">
      <Filter>SDK\头文件</Filter>
    </ClInclude>
    <ClInclude Include="..\SDK\LocalPlayer.h">
      <Filter>SDK\头文件</Filter>
    </ClInclude>
    <ClInclude Include="..\SDK\GameMode.h">
      <Filter>SDK\头文件</Filter>
    </ClInclude>
    <ClInclude Include="..\SDK\Mob.h">
      <Filter>SDK\头文件</Filter>
    </ClInclude>
    <ClInclude Include="..\SDK\ServerPlayer.h">
      <Filter>SDK\头文件</Filter>
    </ClInclude>
    <ClInclude Include="Modules\Module.h">
      <Filter>Modules</Filter>
    </ClInclude>
    <ClInclude Include="Modules\ModuleManager.h">
      <Filter>Modules</Filter>
    </ClInclude>
    <ClInclude Include="Modules\Modules\InstantDestroy.h">
      <Filter>Modules\头文件</Filter>
    </ClInclude>
    <ClInclude Include="Modules\Modules\HitBox.h">
      <Filter>Modules\头文件</Filter>
    </ClInclude>
    <ClInclude Include="Modules\Modules\NoKnockback.h">
      <Filter>Modules\头文件</Filter>
    </ClInclude>
    <ClInclude Include="Modules\Modules\Traverse.h">
      <Filter>Modules\头文件</Filter>
    </ClInclude>
    <ClInclude Include="Modules\Modules\ShowCoordinates.h">
      <Filter>Modules\头文件</Filter>
    </ClInclude>
    <ClInclude Include="Modules\Modules\TPPoint.h">
      <Filter>Modules\头文件</Filter>
    </ClInclude>
    <ClInclude Include="resource.h">
      <Filter>头文件</Filter>
    </ClInclude>
    <ClInclude Include="..\SDK\MinecraftUIRenderContext.h">
      <Filter>SDK\头文件</Filter>
    </ClInclude>
    <ClInclude Include="Modules\Modules\Render.h">
      <Filter>Modules\头文件</Filter>
    </ClInclude>
    <ClInclude Include="..\SDK\TextHolder.h">
      <Filter>SDK\头文件</Filter>
    </ClInclude>
    <ClInclude Include="..\SDK\ClientInstance.h">
      <Filter>SDK\头文件</Filter>
    </ClInclude>
    <ClInclude Include="..\SDK\Level.h">
      <Filter>SDK\头文件</Filter>
    </ClInclude>
    <ClInclude Include="Modules\Modules\NoAttackFriend.h">
      <Filter>Modules\头文件</Filter>
    </ClInclude>
    <ClInclude Include="Modules\Modules\ArmsLength.h">
      <Filter>Modules\头文件</Filter>
    </ClInclude>
    <ClInclude Include="Modules\Modules\HiveTreasurePos.h">
      <Filter>Modules\头文件</Filter>
    </ClInclude>
    <ClInclude Include="..\SDK\AttributeInstance.h">
      <Filter>SDK\头文件</Filter>
    </ClInclude>
    <ClInclude Include="Modules\Modules\RenderHealth.h">
      <Filter>Modules\头文件</Filter>
    </ClInclude>
    <ClInclude Include="Modules\Modules\AutoSprinting.h">
      <Filter>Modules\头文件</Filter>
    </ClInclude>
    <ClInclude Include="Modules\Modules\FastViewPerspective.h">
      <Filter>Modules\头文件</Filter>
    </ClInclude>
    <ClInclude Include="imgui\HookImgui.h">
      <Filter>IMGUI</Filter>
    </ClInclude>
    <ClInclude Include="imgui\kiero\kiero.h">
      <Filter>IMGUI</Filter>
    </ClInclude>
    <ClInclude Include="imgui\imgui\imconfig.h">
      <Filter>IMGUI\IMGUI</Filter>
    </ClInclude>
    <ClInclude Include="imgui\imgui\imgui.h">
      <Filter>IMGUI\IMGUI</Filter>
    </ClInclude>
    <ClInclude Include="imgui\imgui\imgui_impl_dx11.h">
      <Filter>IMGUI\IMGUI</Filter>
    </ClInclude>
    <ClInclude Include="imgui\imgui\imgui_impl_dx12.h">
      <Filter>IMGUI\IMGUI</Filter>
    </ClInclude>
    <ClInclude Include="imgui\imgui\imgui_impl_win32.h">
      <Filter>IMGUI\IMGUI</Filter>
    </ClInclude>
    <ClInclude Include="imgui\imgui\imgui_internal.h">
      <Filter>IMGUI\IMGUI</Filter>
    </ClInclude>
    <ClInclude Include="imgui\imgui\imstb_rectpack.h">
      <Filter>IMGUI\IMGUI</Filter>
    </ClInclude>
    <ClInclude Include="imgui\imgui\imstb_textedit.h">
      <Filter>IMGUI\IMGUI</Filter>
    </ClInclude>
    <ClInclude Include="imgui\imgui\imstb_truetype.h">
      <Filter>IMGUI\IMGUI</Filter>
    </ClInclude>
    <ClInclude Include="imgui\animations\fade.hpp">
      <Filter>IMGUI</Filter>
    </ClInclude>
    <ClInclude Include="Modules\Modules\AirJump.h">
      <Filter>Modules\头文件</Filter>
    </ClInclude>
    <ClInclude Include="Utils\config.h">
      <Filter>头文件</Filter>
    </ClInclude>
    <ClInclude Include="Utils\Json.hpp">
      <Filter>头文件</Filter>
    </ClInclude>
    <ClInclude Include="Modules\Modules\GameTimeLock.h">
      <Filter>Modules\头文件</Filter>
    </ClInclude>
    <ClInclude Include="Utils\http.hpp">
      <Filter>头文件</Filter>
    </ClInclude>
    <ClInclude Include="..\SDK\AABB.h">
      <Filter>SDK\头文件</Filter>
    </ClInclude>
    <ClInclude Include="..\SDK\FishingHook.h">
      <Filter>SDK\头文件</Filter>
    </ClInclude>
    <ClInclude Include="..\SDK\Item.h">
      <Filter>SDK\头文件</Filter>
    </ClInclude>
    <ClInclude Include="..\SDK\ItemStackBase.h">
      <Filter>SDK\头文件</Filter>
    </ClInclude>
    <ClInclude Include="..\SDK\ItemStack.h">
      <Filter>SDK\头文件</Filter>
    </ClInclude>
    <ClInclude Include="..\SDK\ItemInstance.h">
      <Filter>SDK\头文件</Filter>
    </ClInclude>
  </ItemGroup>
  <ItemGroup>
    <ClCompile Include="dllmain.cpp">
      <Filter>源文件</Filter>
    </ClCompile>
    <ClCompile Include="pch.cpp">
      <Filter>源文件</Filter>
    </ClCompile>
    <ClCompile Include="Loader.cpp">
      <Filter>源文件</Filter>
    </ClCompile>
    <ClCompile Include="Utils\Logger.cpp">
      <Filter>源文件</Filter>
    </ClCompile>
    <ClCompile Include="Utils\Utils.cpp">
      <Filter>源文件</Filter>
    </ClCompile>
    <ClCompile Include="Hook\Hook.cpp">
      <Filter>源文件</Filter>
    </ClCompile>
    <ClCompile Include="Utils\Game.cpp">
      <Filter>源文件</Filter>
    </ClCompile>
    <ClCompile Include="..\SDK\Actor.cpp">
      <Filter>SDK\源文件</Filter>
    </ClCompile>
    <ClCompile Include="..\SDK\Player.cpp">
      <Filter>SDK\源文件</Filter>
    </ClCompile>
    <ClCompile Include="..\SDK\LocalPlayer.cpp">
      <Filter>SDK\源文件</Filter>
    </ClCompile>
    <ClCompile Include="..\SDK\GameMode.cpp">
      <Filter>SDK\源文件</Filter>
    </ClCompile>
    <ClCompile Include="..\SDK\Mob.cpp">
      <Filter>SDK\源文件</Filter>
    </ClCompile>
    <ClCompile Include="..\SDK\ServerPlayer.cpp">
      <Filter>SDK\源文件</Filter>
    </ClCompile>
    <ClCompile Include="Modules\Module.cpp">
      <Filter>Modules</Filter>
    </ClCompile>
    <ClCompile Include="Modules\ModuleManager.cpp">
      <Filter>Modules</Filter>
    </ClCompile>
    <ClCompile Include="Modules\Modules\InstantDestroy.cpp">
      <Filter>Modules\源文件</Filter>
    </ClCompile>
    <ClCompile Include="Modules\Modules\HitBox.cpp">
      <Filter>Modules\源文件</Filter>
    </ClCompile>
    <ClCompile Include="Modules\Modules\NoKnockback.cpp">
      <Filter>Modules\源文件</Filter>
    </ClCompile>
    <ClCompile Include="Modules\Modules\Traverse.cpp">
      <Filter>Modules\源文件</Filter>
    </ClCompile>
    <ClCompile Include="Modules\Modules\ShowCoordinates.cpp">
      <Filter>Modules\源文件</Filter>
    </ClCompile>
    <ClCompile Include="Modules\Modules\TPPoint.cpp">
      <Filter>Modules\源文件</Filter>
    </ClCompile>
    <ClCompile Include="Modules\Modules\Render.cpp">
      <Filter>Modules\源文件</Filter>
    </ClCompile>
    <ClCompile Include="..\SDK\MinecraftUIRenderContext.cpp">
      <Filter>SDK\源文件</Filter>
    </ClCompile>
    <ClCompile Include="..\SDK\ClientInstance.cpp">
      <Filter>SDK\源文件</Filter>
    </ClCompile>
    <ClCompile Include="Modules\Modules\NoAttackFriend.cpp">
      <Filter>Modules\源文件</Filter>
    </ClCompile>
    <ClCompile Include="Modules\Modules\ArmsLength.cpp">
      <Filter>Modules\源文件</Filter>
    </ClCompile>
    <ClCompile Include="Modules\Modules\HiveTreasurePos.cpp">
      <Filter>Modules\源文件</Filter>
    </ClCompile>
    <ClCompile Include="..\SDK\AttributeInstance.cpp">
      <Filter>SDK\源文件</Filter>
    </ClCompile>
    <ClCompile Include="Modules\Modules\RenderHealth.cpp">
      <Filter>Modules\源文件</Filter>
    </ClCompile>
    <ClCompile Include="Modules\Modules\AutoSprinting.cpp">
      <Filter>Modules\源文件</Filter>
    </ClCompile>
    <ClCompile Include="Modules\Modules\FastViewPerspective.cpp">
      <Filter>Modules\源文件</Filter>
    </ClCompile>
    <ClCompile Include="imgui\kiero\kiero.cpp">
      <Filter>IMGUI</Filter>
    </ClCompile>
    <ClCompile Include="imgui\imgui\imgui.cpp">
      <Filter>IMGUI\IMGUI</Filter>
    </ClCompile>
    <ClCompile Include="imgui\imgui\imgui_demo.cpp">
      <Filter>IMGUI\IMGUI</Filter>
    </ClCompile>
    <ClCompile Include="imgui\imgui\imgui_draw.cpp">
      <Filter>IMGUI\IMGUI</Filter>
    </ClCompile>
    <ClCompile Include="imgui\imgui\imgui_impl_dx11.cpp">
      <Filter>IMGUI\IMGUI</Filter>
    </ClCompile>
    <ClCompile Include="imgui\imgui\imgui_impl_dx12.cpp">
      <Filter>IMGUI\IMGUI</Filter>
    </ClCompile>
    <ClCompile Include="imgui\imgui\imgui_impl_win32.cpp">
      <Filter>IMGUI\IMGUI</Filter>
    </ClCompile>
    <ClCompile Include="imgui\imgui\imgui_tables.cpp">
      <Filter>IMGUI\IMGUI</Filter>
    </ClCompile>
    <ClCompile Include="imgui\imgui\imgui_widgets.cpp">
      <Filter>IMGUI\IMGUI</Filter>
    </ClCompile>
    <ClCompile Include="imgui\animations\fade.cpp">
      <Filter>IMGUI</Filter>
    </ClCompile>
    <ClCompile Include="Modules\Modules\AirJump.cpp">
      <Filter>Modules\源文件</Filter>
    </ClCompile>
    <ClCompile Include="Utils\config.cpp">
      <Filter>源文件</Filter>
    </ClCompile>
    <ClCompile Include="..\SDK\Level.cpp">
      <Filter>SDK\源文件</Filter>
    </ClCompile>
    <ClCompile Include="Modules\Modules\GameTimeLock.cpp">
      <Filter>Modules\源文件</Filter>
    </ClCompile>
    <ClCompile Include="..\SDK\AABB.cpp">
      <Filter>SDK\源文件</Filter>
    </ClCompile>
    <ClCompile Include="..\SDK\FishingHook.cpp">
      <Filter>SDK\源文件</Filter>
    </ClCompile>
    <ClCompile Include="..\SDK\Item.cpp">
      <Filter>SDK\源文件</Filter>
    </ClCompile>
    <ClCompile Include="..\SDK\ItemStackBase.cpp">
      <Filter>SDK\源文件</Filter>
    </ClCompile>
    <ClCompile Include="..\SDK\ItemStack.cpp">
      <Filter>SDK\源文件</Filter>
    </ClCompile>
    <ClCompile Include="..\SDK\ItemInstance.cpp">
      <Filter>SDK\源文件</Filter>
    </ClCompile>
  </ItemGroup>
  <ItemGroup>
    <ResourceCompile Include="Mod.rc">
      <Filter>资源文件</Filter>
    </ResourceCompile>
  </ItemGroup>
</Project>